
Microsoft Visual Studio Solution File, Format Version 12.00
# Visual Studio 15
VisualStudioVersion = 15.0.26124.0
MinimumVisualStudioVersion = 15.0.26124.0
Project("{2150E333-8FDC-42A3-9474-1A3956D46DE8}") = "Agents", "Agents", "{941CDBC8-FB3F-42AC-BBCE-203AF51EF643}"
EndProject
Project("{FAE04EC0-301F-11D3-BF4B-00C04F79EFBC}") = "Xamarin.Interactive", "..\Agents\Xamarin.Interactive\Xamarin.Interactive.csproj", "{EF62B1B0-EB0A-4078-A3EA-2E0A2E6B7B10}"
EndProject
Project("{FAE04EC0-301F-11D3-BF4B-00C04F79EFBC}") = "Xamarin.Interactive.Console", "..\Agents\Xamarin.Interactive.Console\Xamarin.Interactive.Console.csproj", "{7A522415-E2F7-4E4B-8E11-3D7CF9A854A8}"
EndProject
Project("{2150E333-8FDC-42A3-9474-1A3956D46DE8}") = "Clients", "Clients", "{CAF2D599-CDED-47EE-98BC-BF25716E679A}"
EndProject
Project("{FAE04EC0-301F-11D3-BF4B-00C04F79EFBC}") = "Xamarin.Interactive.Client", "..\Clients\Xamarin.Interactive.Client\Xamarin.Interactive.Client.csproj", "{60E790E6-CF1F-44C9-8726-FBF0946BFBE0}"
EndProject
Project("{FAE04EC0-301F-11D3-BF4B-00C04F79EFBC}") = "Xamarin.Interactive.Client.Console", "..\Clients\Xamarin.Interactive.Client.Console\Xamarin.Interactive.Client.Console.csproj", "{B7BDE8A7-57D0-48C3-9D67-1223B316BB43}"
EndProject
Project("{2150E333-8FDC-42A3-9474-1A3956D46DE8}") = "WorkbookApps", "WorkbookApps", "{28239FCE-ADB4-4721-B671-4396134A9E2A}"
EndProject
Project("{FAE04EC0-301F-11D3-BF4B-00C04F79EFBC}") = "Xamarin.Workbooks.DotNetCore", "..\WorkbookApps\Xamarin.Workbooks.DotNetCore\Xamarin.Workbooks.DotNetCore.csproj", "{C5FB48F1-B7CA-463C-B759-467F4333DDBD}"
EndProject
Global
	GlobalSection(SolutionConfigurationPlatforms) = preSolution
		Debug|Any CPU = Debug|Any CPU
		Release|Any CPU = Release|Any CPU
	EndGlobalSection
	GlobalSection(SolutionProperties) = preSolution
		HideSolutionNode = FALSE
	EndGlobalSection
	GlobalSection(NestedProjects) = preSolution
		{EF62B1B0-EB0A-4078-A3EA-2E0A2E6B7B10} = {941CDBC8-FB3F-42AC-BBCE-203AF51EF643}
		{7A522415-E2F7-4E4B-8E11-3D7CF9A854A8} = {941CDBC8-FB3F-42AC-BBCE-203AF51EF643}
		{60E790E6-CF1F-44C9-8726-FBF0946BFBE0} = {CAF2D599-CDED-47EE-98BC-BF25716E679A}
		{B7BDE8A7-57D0-48C3-9D67-1223B316BB43} = {CAF2D599-CDED-47EE-98BC-BF25716E679A}
		{C5FB48F1-B7CA-463C-B759-467F4333DDBD} = {28239FCE-ADB4-4721-B671-4396134A9E2A}
	EndGlobalSection
	GlobalSection(ProjectConfigurationPlatforms) = postSolution
		{EF62B1B0-EB0A-4078-A3EA-2E0A2E6B7B10}.Debug|Any CPU.ActiveCfg = Debug|Any CPU
		{EF62B1B0-EB0A-4078-A3EA-2E0A2E6B7B10}.Debug|Any CPU.Build.0 = Debug|Any CPU
		{EF62B1B0-EB0A-4078-A3EA-2E0A2E6B7B10}.Release|Any CPU.ActiveCfg = Release|Any CPU
		{EF62B1B0-EB0A-4078-A3EA-2E0A2E6B7B10}.Release|Any CPU.Build.0 = Release|Any CPU
		{7A522415-E2F7-4E4B-8E11-3D7CF9A854A8}.Debug|Any CPU.ActiveCfg = Debug|Any CPU
		{7A522415-E2F7-4E4B-8E11-3D7CF9A854A8}.Debug|Any CPU.Build.0 = Debug|Any CPU
		{7A522415-E2F7-4E4B-8E11-3D7CF9A854A8}.Release|Any CPU.ActiveCfg = Release|Any CPU
		{7A522415-E2F7-4E4B-8E11-3D7CF9A854A8}.Release|Any CPU.Build.0 = Release|Any CPU
		{60E790E6-CF1F-44C9-8726-FBF0946BFBE0}.Debug|Any CPU.ActiveCfg = Debug|Any CPU
		{60E790E6-CF1F-44C9-8726-FBF0946BFBE0}.Debug|Any CPU.Build.0 = Debug|Any CPU
		{60E790E6-CF1F-44C9-8726-FBF0946BFBE0}.Release|Any CPU.ActiveCfg = Release|Any CPU
		{60E790E6-CF1F-44C9-8726-FBF0946BFBE0}.Release|Any CPU.Build.0 = Release|Any CPU
		{B7BDE8A7-57D0-48C3-9D67-1223B316BB43}.Debug|Any CPU.ActiveCfg = Debug|Any CPU
		{B7BDE8A7-57D0-48C3-9D67-1223B316BB43}.Debug|Any CPU.Build.0 = Debug|Any CPU
		{B7BDE8A7-57D0-48C3-9D67-1223B316BB43}.Release|Any CPU.ActiveCfg = Release|Any CPU
		{B7BDE8A7-57D0-48C3-9D67-1223B316BB43}.Release|Any CPU.Build.0 = Release|Any CPU
		{C5FB48F1-B7CA-463C-B759-467F4333DDBD}.Debug|Any CPU.ActiveCfg = Debug|Any CPU
		{C5FB48F1-B7CA-463C-B759-467F4333DDBD}.Debug|Any CPU.Build.0 = Debug|Any CPU
		{C5FB48F1-B7CA-463C-B759-467F4333DDBD}.Release|Any CPU.ActiveCfg = Release|Any CPU
		{C5FB48F1-B7CA-463C-B759-467F4333DDBD}.Release|Any CPU.Build.0 = Release|Any CPU
	EndGlobalSection
	GlobalSection(MonoDevelopProperties) = preSolution
		Policies = $0
		$0.DotNetNamingPolicy = $1
		$1.DirectoryNamespaceAssociation = PrefixedHierarchical
		$0.TextStylePolicy = $2
		$2.scope = text/x-csharp
		$2.TabsToSpaces = True
		$2.FileWidth = 120
		$0.CSharpFormattingPolicy = $3
		$3.scope = text/x-csharp
		$3.IndentSwitchSection = False
		$3.NewLinesForBracesInProperties = False
		$3.NewLinesForBracesInAccessors = False
		$3.NewLinesForBracesInAnonymousMethods = False
		$3.NewLinesForBracesInControlBlocks = False
		$3.NewLinesForBracesInAnonymousTypes = False
		$3.NewLinesForBracesInObjectCollectionArrayInitializers = False
		$3.NewLinesForBracesInLambdaExpressionBody = False
		$3.NewLineForElse = False
		$3.NewLineForCatch = False
		$3.NewLineForFinally = False
		$3.NewLineForMembersInObjectInit = False
		$3.NewLineForMembersInAnonymousTypes = False
		$3.NewLineForClausesInQuery = False
		$3.SpacingAfterMethodDeclarationName = True
		$3.SpaceAfterMethodCallName = True
		$3.SpaceBeforeOpenSquareBracket = True
		$0.StandardHeader = $4
		$4.Text = @Copyright (c) Microsoft Corporation. All rights reserved.\nLicensed under the MIT License.
	EndGlobalSection

EndGlobal
