
Microsoft Visual Studio Solution File, Format Version 12.00
# Visual Studio 15
VisualStudioVersion = 15.0.26124.0
MinimumVisualStudioVersion = 15.0.26124.0
Project("{2150E333-8FDC-42A3-9474-1A3956D46DE8}") = "Agents", "Agents", "{AD069E18-E62D-4FCC-8D50-4051D8A55A3E}"
EndProject
Project("{FAE04EC0-301F-11D3-BF4B-00C04F79EFBC}") = "Xamarin.Interactive", "..\Agents\Xamarin.Interactive\Xamarin.Interactive.csproj", "{D17B6FB4-E07B-45FB-BD48-1486DF7583DA}"
EndProject
Project("{FAE04EC0-301F-11D3-BF4B-00C04F79EFBC}") = "Xamarin.Interactive.Console", "..\Agents\Xamarin.Interactive.Console\Xamarin.Interactive.Console.csproj", "{7A522415-E2F7-4E4B-8E11-3D7CF9A854A8}"
EndProject
Project("{2150E333-8FDC-42A3-9474-1A3956D46DE8}") = "Clients", "Clients", "{82EF0AC8-63A8-4009-A469-ED1E7E577BAB}"
EndProject
Project("{FAE04EC0-301F-11D3-BF4B-00C04F79EFBC}") = "Xamarin.Interactive.Client", "..\Clients\Xamarin.Interactive.Client\Xamarin.Interactive.Client.csproj", "{AFA4F7A7-9A09-4538-AE52-77C628C5DCF3}"
EndProject
Project("{FAE04EC0-301F-11D3-BF4B-00C04F79EFBC}") = "Xamarin.Interactive.Client.Web", "..\Clients\Xamarin.Interactive.Client.Web\Xamarin.Interactive.Client.Web.csproj", "{486EEAAD-E800-455D-BE35-882B4FA8780A}"
EndProject
Project("{2150E333-8FDC-42A3-9474-1A3956D46DE8}") = "CodeAnalysis", "CodeAnalysis", "{0D7D8F33-5DF5-44D4-80F7-DA4D744B4874}"
EndProject
Project("{FAE04EC0-301F-11D3-BF4B-00C04F79EFBC}") = "Xamarin.Interactive.CodeAnalysis.Roslyn", "..\CodeAnalysis\Xamarin.Interactive.CodeAnalysis.Roslyn\Xamarin.Interactive.CodeAnalysis.Roslyn.csproj", "{F3910640-FCB2-479B-94B6-40455B79EFA4}"
EndProject
Project("{2150E333-8FDC-42A3-9474-1A3956D46DE8}") = "WorkbookApps", "WorkbookApps", "{686B899C-6091-4391-8E19-26C4384EE47F}"
EndProject
Project("{FAE04EC0-301F-11D3-BF4B-00C04F79EFBC}") = "Xamarin.Workbooks.DotNetCore", "..\WorkbookApps\Xamarin.Workbooks.DotNetCore\Xamarin.Workbooks.DotNetCore.csproj", "{A8CEA4B1-0CB8-48AA-87C6-D58C7EBDCA69}"
EndProject
Global
	GlobalSection(SolutionConfigurationPlatforms) = preSolution
		Debug|Any CPU = Debug|Any CPU
		Release|Any CPU = Release|Any CPU
	EndGlobalSection
	GlobalSection(SolutionProperties) = preSolution
		HideSolutionNode = FALSE
	EndGlobalSection
	GlobalSection(NestedProjects) = preSolution
		{D17B6FB4-E07B-45FB-BD48-1486DF7583DA} = {AD069E18-E62D-4FCC-8D50-4051D8A55A3E}
		{7A522415-E2F7-4E4B-8E11-3D7CF9A854A8} = {AD069E18-E62D-4FCC-8D50-4051D8A55A3E}
		{AFA4F7A7-9A09-4538-AE52-77C628C5DCF3} = {82EF0AC8-63A8-4009-A469-ED1E7E577BAB}
		{486EEAAD-E800-455D-BE35-882B4FA8780A} = {82EF0AC8-63A8-4009-A469-ED1E7E577BAB}
		{F3910640-FCB2-479B-94B6-40455B79EFA4} = {0D7D8F33-5DF5-44D4-80F7-DA4D744B4874}
		{A8CEA4B1-0CB8-48AA-87C6-D58C7EBDCA69} = {686B899C-6091-4391-8E19-26C4384EE47F}
	EndGlobalSection
	GlobalSection(ProjectConfigurationPlatforms) = postSolution
		{D17B6FB4-E07B-45FB-BD48-1486DF7583DA}.Debug|Any CPU.ActiveCfg = Debug|Any CPU
		{D17B6FB4-E07B-45FB-BD48-1486DF7583DA}.Debug|Any CPU.Build.0 = Debug|Any CPU
		{D17B6FB4-E07B-45FB-BD48-1486DF7583DA}.Release|Any CPU.ActiveCfg = Release|Any CPU
		{D17B6FB4-E07B-45FB-BD48-1486DF7583DA}.Release|Any CPU.Build.0 = Release|Any CPU
		{7A522415-E2F7-4E4B-8E11-3D7CF9A854A8}.Debug|Any CPU.ActiveCfg = Debug|Any CPU
		{7A522415-E2F7-4E4B-8E11-3D7CF9A854A8}.Debug|Any CPU.Build.0 = Debug|Any CPU
		{7A522415-E2F7-4E4B-8E11-3D7CF9A854A8}.Release|Any CPU.ActiveCfg = Release|Any CPU
		{7A522415-E2F7-4E4B-8E11-3D7CF9A854A8}.Release|Any CPU.Build.0 = Release|Any CPU
		{AFA4F7A7-9A09-4538-AE52-77C628C5DCF3}.Debug|Any CPU.ActiveCfg = Debug|Any CPU
		{AFA4F7A7-9A09-4538-AE52-77C628C5DCF3}.Debug|Any CPU.Build.0 = Debug|Any CPU
		{AFA4F7A7-9A09-4538-AE52-77C628C5DCF3}.Release|Any CPU.ActiveCfg = Release|Any CPU
		{AFA4F7A7-9A09-4538-AE52-77C628C5DCF3}.Release|Any CPU.Build.0 = Release|Any CPU
		{486EEAAD-E800-455D-BE35-882B4FA8780A}.Debug|Any CPU.ActiveCfg = Debug|Any CPU
		{486EEAAD-E800-455D-BE35-882B4FA8780A}.Debug|Any CPU.Build.0 = Debug|Any CPU
		{486EEAAD-E800-455D-BE35-882B4FA8780A}.Release|Any CPU.ActiveCfg = Release|Any CPU
		{486EEAAD-E800-455D-BE35-882B4FA8780A}.Release|Any CPU.Build.0 = Release|Any CPU
		{F3910640-FCB2-479B-94B6-40455B79EFA4}.Debug|Any CPU.ActiveCfg = Debug|Any CPU
		{F3910640-FCB2-479B-94B6-40455B79EFA4}.Debug|Any CPU.Build.0 = Debug|Any CPU
		{F3910640-FCB2-479B-94B6-40455B79EFA4}.Release|Any CPU.ActiveCfg = Release|Any CPU
		{F3910640-FCB2-479B-94B6-40455B79EFA4}.Release|Any CPU.Build.0 = Release|Any CPU
		{A8CEA4B1-0CB8-48AA-87C6-D58C7EBDCA69}.Debug|Any CPU.ActiveCfg = Debug|Any CPU
		{A8CEA4B1-0CB8-48AA-87C6-D58C7EBDCA69}.Debug|Any CPU.Build.0 = Debug|Any CPU
		{A8CEA4B1-0CB8-48AA-87C6-D58C7EBDCA69}.Release|Any CPU.ActiveCfg = Release|Any CPU
		{A8CEA4B1-0CB8-48AA-87C6-D58C7EBDCA69}.Release|Any CPU.Build.0 = Release|Any CPU
	EndGlobalSection
	GlobalSection(MonoDevelopProperties) = preSolution
		Policies = $0
		$0.DotNetNamingPolicy = $1
		$1.DirectoryNamespaceAssociation = PrefixedHierarchical
		$0.TextStylePolicy = $2
		$2.scope = text/x-csharp
		$2.TabsToSpaces = True
		$2.FileWidth = 120
		$0.CSharpFormattingPolicy = $3
		$3.scope = text/x-csharp
		$3.IndentSwitchSection = False
		$3.NewLinesForBracesInProperties = False
		$3.NewLinesForBracesInAccessors = False
		$3.NewLinesForBracesInAnonymousMethods = False
		$3.NewLinesForBracesInControlBlocks = False
		$3.NewLinesForBracesInAnonymousTypes = False
		$3.NewLinesForBracesInObjectCollectionArrayInitializers = False
		$3.NewLinesForBracesInLambdaExpressionBody = False
		$3.NewLineForElse = False
		$3.NewLineForCatch = False
		$3.NewLineForFinally = False
		$3.NewLineForMembersInObjectInit = False
		$3.NewLineForMembersInAnonymousTypes = False
		$3.NewLineForClausesInQuery = False
		$3.SpacingAfterMethodDeclarationName = True
		$3.SpaceAfterMethodCallName = True
		$3.SpaceBeforeOpenSquareBracket = True
		$0.StandardHeader = $4
		$4.Text = @Copyright (c) Microsoft Corporation. All rights reserved.\nLicensed under the MIT License.
	EndGlobalSection

EndGlobal
